# THIS IS AN AUTOGENERATED FILE. DO NOT EDIT THIS FILE DIRECTLY.
# yarn lockfile v1


"@aurora-interactive/sensei-productivity@^1.8.0":
  version "1.8.0"
  resolved "https://registry.yarnpkg.com/@aurora-interactive/sensei-productivity/-/sensei-productivity-1.8.0.tgz#2f03af0bcc4011efe8c8774b35c74e98fb3e9fd7"
  integrity sha512-hFL5WPt9ow0jg9kNYudWjw8bn6DRBKetYR0g11dzMqElExytydJi6eNqFUys5oi08vbaQwEeP4SDRZ0302RLVA==
  dependencies:
    zod "^3.25.65 || ^4.0.0"

"zod@^3.25.65 || ^4.0.0":
  version "4.3.6"
  resolved "https://registry.yarnpkg.com/zod/-/zod-4.3.6.tgz#89c56e0aa7d2b05107d894412227087885ab112a"
  integrity sha512-rftlrkhHZOcjDwkGlnUtZZkvaPHCsDATp4pGpuOOMDaTdDDXF91wuVDJoWoPsKX/3YPQ5fHuF3STjcYyKr+Qhg==
